
Microsoft Visual Studio Solution File, Format Version 12.00
Project("{FAE04EC0-301F-11D3-BF4B-00C04F79EFBC}") = "DPOBackend", "DPOBackend.csproj", "{547DDCDD-029C-451C-B009-38638BA30EAF}"
EndProject
Global
	GlobalSection(SolutionConfigurationPlatforms) = preSolution
		Debug|Any CPU = Debug|Any CPU
		Release|Any CPU = Release|Any CPU
	EndGlobalSection
	GlobalSection(ProjectConfigurationPlatforms) = postSolution
		{547DDCDD-029C-451C-B009-38638BA30EAF}.Debug|Any CPU.ActiveCfg = Debug|Any CPU
		{547DDCDD-029C-451C-B009-38638BA30EAF}.Debug|Any CPU.Build.0 = Debug|Any CPU
		{547DDCDD-029C-451C-B009-38638BA30EAF}.Release|Any CPU.ActiveCfg = Release|Any CPU
		{547DDCDD-029C-451C-B009-38638BA30EAF}.Release|Any CPU.Build.0 = Release|Any CPU
	EndGlobalSection
EndGlobal
